hash: 0ef2f09ddaaa81bb434139f5e90d4bba3d1d5f93102e960943b233100bce391c
updated: 2017-04-06T08:53:18.547660401+02:00
imports:
- name: github.com/gorilla/context
  version: 08b5f424b9271eedf6f9f0ce86cb9396ed337a42
- name: github.com/gorilla/mux
  version: 392c28fe23e1c45ddba891b0320b3b5df220beea
- name: github.com/rakyll/statik
  version: 274df120e9065bdd08eb1120e0375e3dc1ae8465
testImports: []
