# This file is autogenerated, do not edit; changes may be undone by the next 'dep ensure'.


[[projects]]
  name = "github.com/fatih/color"
  packages = ["."]
  revision = "570b54cabe6b8eb0bc2dfce68d964677d63b5260"
  version = "v1.5.0"

[[projects]]
  branch = "master"
  name = "github.com/fsnotify/fsnotify"
  packages = ["."]
  revision = "4da3e2cfbabc9f751898f250b49f2439785783a1"

[[projects]]
  name = "github.com/gobuffalo/envy"
  packages = ["."]
  revision = "a901aeb76c2647ce52acf7f3bac64c4def49a899"
  version = "v1.0.0"

[[projects]]
  branch = "master"
  name = "github.com/gorilla/context"
  packages = ["."]
  revision = "08b5f424b9271eedf6f9f0ce86cb9396ed337a42"

[[projects]]
  name = "github.com/gorilla/mux"
  packages = ["."]
  revision = "bcd8bc72b08df0f70df986b97f95590779502d31"
  version = "v1.4.0"

[[projects]]
  branch = "master"
  name = "github.com/hashicorp/hcl"
  packages = [".","hcl/ast","hcl/parser","hcl/scanner","hcl/strconv","hcl/token","json/parser","json/scanner","json/token"]
  revision = "392dba7d905ed5d04a5794ba89f558b27e2ba1ca"

[[projects]]
  name = "github.com/magiconair/properties"
  packages = ["."]
  revision = "51463bfca2576e06c62a8504b5c0f06d61312647"

[[projects]]
  branch = "master"
  name = "github.com/markbates/going"
  packages = ["defaults"]
  revision = "0576708c56cea02331f864fe6e157ac7841923e4"

[[projects]]
  name = "github.com/markbates/refresh"
  packages = ["refresh","refresh/web"]
  revision = "31a58af168f3788ce36d49f66aca4b439f64c7d4"
  version = "v1.3.3"

[[projects]]
  name = "github.com/mattn/go-colorable"
  packages = ["."]
  revision = "167de6bfdfba052fa6b2d3664c8f5272e23c9072"
  version = "v0.0.9"

[[projects]]
  name = "github.com/mattn/go-isatty"
  packages = ["."]
  revision = "fc9e8d8ef48496124e79ae0df75490096eccf6fe"
  version = "v0.0.2"

[[projects]]
  branch = "master"
  name = "github.com/mitchellh/go-homedir"
  packages = ["."]
  revision = "b8bc1bf767474819792c23f32d8286a45736f1c6"

[[projects]]
  branch = "master"
  name = "github.com/mitchellh/mapstructure"
  packages = ["."]
  revision = "d0303fe809921458f417bcf828397a65db30a7e4"

[[projects]]
  name = "github.com/pelletier/go-buffruneio"
  packages = ["."]
  revision = "c37440a7cf42ac63b919c752ca73a85067e05992"
  version = "v0.2.0"

[[projects]]
  name = "github.com/pelletier/go-toml"
  packages = ["."]
  revision = "fe7536c3dee2596cdd23ee9976a17c22bdaae286"

[[projects]]
  name = "github.com/rakyll/statik"
  packages = ["fs"]
  revision = "274df120e9065bdd08eb1120e0375e3dc1ae8465"
  version = "v0.1.0"

[[projects]]
  branch = "master"
  name = "github.com/spf13/afero"
  packages = [".","mem"]
  revision = "9be650865eab0c12963d8753212f4f9c66cdcf12"

[[projects]]
  name = "github.com/spf13/cast"
  packages = ["."]
  revision = "acbeb36b902d72a7a4c18e8f3241075e7ab763e4"
  version = "v1.1.0"

[[projects]]
  branch = "master"
  name = "github.com/spf13/jwalterweatherman"
  packages = ["."]
  revision = "0efa5202c04663c757d84f90f5219c1250baf94f"

[[projects]]
  name = "github.com/spf13/pflag"
  packages = ["."]
  revision = "e57e3eeb33f795204c1ca35f56c44f83227c6e66"
  version = "v1.0.0"

[[projects]]
  name = "github.com/spf13/viper"
  packages = ["."]
  revision = "a1ecfa6a20bd4ef9e9caded262ee1b1b26847675"

[[projects]]
  name = "golang.org/x/sys"
  packages = ["unix"]
  revision = "fb4cac33e3196ff7f507ab9b2d2a44b0142f5b5a"

[[projects]]
  name = "golang.org/x/text"
  packages = ["internal/gen","internal/triegen","internal/ucd","transform","unicode/cldr","unicode/norm"]
  revision = "9e2f80a6ba7ed4ba13e0cd4b1f094bf916875735"

[[projects]]
  name = "gopkg.in/yaml.v2"
  packages = ["."]
  revision = "cd8b52f8269e0feb286dfeef29f8fe4d5b397e0b"

[solve-meta]
  analyzer-name = "dep"
  analyzer-version = 1
  inputs-digest = "71701f0b1463a98daed79e74838fadffa0d67da831868633a9cbd037727a0d01"
  solver-name = "gps-cdcl"
  solver-version = 1
