# This file is autogenerated, do not edit; changes may be undone by the next 'dep ensure'.


[[projects]]
  digest = "1:c9bebdae4ac52d0c3bbe5876de3d72f3bb05b4986865cdb3f15e305e1dc4fbca"
  name = "github.com/fatih/color"
  packages = ["."]
  pruneopts = ""
  revision = "570b54cabe6b8eb0bc2dfce68d964677d63b5260"
  version = "v1.5.0"

[[projects]]
  branch = "master"
  digest = "1:416d8ecfdbd57d2e441e816559394ce2bb2d71f68cf3feb795d92e335aeeb307"
  name = "github.com/fsnotify/fsnotify"
  packages = ["."]
  pruneopts = ""
  revision = "4da3e2cfbabc9f751898f250b49f2439785783a1"

[[projects]]
  digest = "1:05458daaf9220ab387e556911192cde65bf488411db9b2eb13124bb3f2a0ed89"
  name = "github.com/gobuffalo/envy"
  packages = ["."]
  pruneopts = ""
  revision = "a901aeb76c2647ce52acf7f3bac64c4def49a899"
  version = "v1.0.0"

[[projects]]
  branch = "master"
  digest = "1:dbbeb8ddb0be949954c8157ee8439c2adfd8dc1c9510eb44a6e58cb68c3dce28"
  name = "github.com/gorilla/context"
  packages = ["."]
  pruneopts = ""
  revision = "08b5f424b9271eedf6f9f0ce86cb9396ed337a42"

[[projects]]
  digest = "1:783fde5796ef54ba05de240f2529b6c9fbabc541e70ea43585c53b3f1bbabb5b"
  name = "github.com/gorilla/mux"
  packages = ["."]
  pruneopts = ""
  revision = "bcd8bc72b08df0f70df986b97f95590779502d31"
  version = "v1.4.0"

[[projects]]
  branch = "master"
  digest = "1:54154e6dbc8ce9438f24131cabfeaada1582b35fcdb2ff8457b77a4b1b9a13af"
  name = "github.com/hashicorp/hcl"
  packages = [
    ".",
    "hcl/ast",
    "hcl/parser",
    "hcl/printer",
    "hcl/scanner",
    "hcl/strconv",
    "hcl/token",
    "json/parser",
    "json/scanner",
    "json/token",
  ]
  pruneopts = ""
  revision = "392dba7d905ed5d04a5794ba89f558b27e2ba1ca"

[[projects]]
  digest = "1:d64fd5c0d96b263604b917a56c384ae5c56fd8d41821f5d23ac3469bffcc71a2"
  name = "github.com/magiconair/properties"
  packages = ["."]
  pruneopts = ""
  revision = "51463bfca2576e06c62a8504b5c0f06d61312647"

[[projects]]
  branch = "master"
  digest = "1:b4d82c505839d8dcd541473dd9b1ce5218d2e0acf0901f610b7684d51a6ec8c4"
  name = "github.com/markbates/going"
  packages = ["defaults"]
  pruneopts = ""
  revision = "0576708c56cea02331f864fe6e157ac7841923e4"

[[projects]]
  digest = "1:a5156375a7a1ebdc603bbed5da7a1396ce50de32447d9c3599387f7dd16d5961"
  name = "github.com/markbates/refresh"
  packages = [
    "refresh",
    "refresh/web",
  ]
  pruneopts = ""
  revision = "31a58af168f3788ce36d49f66aca4b439f64c7d4"
  version = "v1.3.3"

[[projects]]
  digest = "1:9ea83adf8e96d6304f394d40436f2eb44c1dc3250d223b74088cc253a6cd0a1c"
  name = "github.com/mattn/go-colorable"
  packages = ["."]
  pruneopts = ""
  revision = "167de6bfdfba052fa6b2d3664c8f5272e23c9072"
  version = "v0.0.9"

[[projects]]
  digest = "1:420bb8eabfa6dff0cb5c8e786489a420e7e9d93a8b1d83882cce70c5a5b9bc3e"
  name = "github.com/mattn/go-isatty"
  packages = ["."]
  pruneopts = ""
  revision = "fc9e8d8ef48496124e79ae0df75490096eccf6fe"
  version = "v0.0.2"

[[projects]]
  branch = "master"
  digest = "1:59d11e81d6fdd12a771321696bb22abdd9a94d26ac864787e98c9b419e428734"
  name = "github.com/mitchellh/go-homedir"
  packages = ["."]
  pruneopts = ""
  revision = "b8bc1bf767474819792c23f32d8286a45736f1c6"

[[projects]]
  branch = "master"
  digest = "1:c9ede10a9ded782d25d1f0be87c680e11409c23554828f19a19d691a95e76130"
  name = "github.com/mitchellh/mapstructure"
  packages = ["."]
  pruneopts = ""
  revision = "d0303fe809921458f417bcf828397a65db30a7e4"

[[projects]]
  digest = "1:049b5bee78dfdc9628ee0e557219c41f683e5b06c5a5f20eaba0105ccc586689"
  name = "github.com/pelletier/go-buffruneio"
  packages = ["."]
  pruneopts = ""
  revision = "c37440a7cf42ac63b919c752ca73a85067e05992"
  version = "v0.2.0"

[[projects]]
  digest = "1:edd5f5ba6869db92c346b7ace652bb255d52f20144087cacafb870cffa9e416d"
  name = "github.com/pelletier/go-toml"
  packages = ["."]
  pruneopts = ""
  revision = "fe7536c3dee2596cdd23ee9976a17c22bdaae286"

[[projects]]
  digest = "1:f03d98462368d072ed95c9c19ff8b8f026f77bf1023b6d074c57bdd77d6e79d7"
  name = "github.com/rakyll/statik"
  packages = ["fs"]
  pruneopts = ""
  revision = "274df120e9065bdd08eb1120e0375e3dc1ae8465"
  version = "v0.1.0"

[[projects]]
  branch = "master"
  digest = "1:a35a4db30a6094deac33fdb99de9ed99fefc39a7bf06b57d9f04bcaa425bb183"
  name = "github.com/spf13/afero"
  packages = [
    ".",
    "mem",
  ]
  pruneopts = ""
  revision = "9be650865eab0c12963d8753212f4f9c66cdcf12"

[[projects]]
  digest = "1:6ff9b74bfea2625f805edec59395dc37e4a06458dd3c14e3372337e3d35a2ed6"
  name = "github.com/spf13/cast"
  packages = ["."]
  pruneopts = ""
  revision = "acbeb36b902d72a7a4c18e8f3241075e7ab763e4"
  version = "v1.1.0"

[[projects]]
  branch = "master"
  digest = "1:0f963ca61135dee190399f80203bd6dc0b4eef742ae60ddde08da68fdf2ac9f1"
  name = "github.com/spf13/jwalterweatherman"
  packages = ["."]
  pruneopts = ""
  revision = "0efa5202c04663c757d84f90f5219c1250baf94f"

[[projects]]
  digest = "1:261bc565833ef4f02121450d74eb88d5ae4bd74bfe5d0e862cddb8550ec35000"
  name = "github.com/spf13/pflag"
  packages = ["."]
  pruneopts = ""
  revision = "e57e3eeb33f795204c1ca35f56c44f83227c6e66"
  version = "v1.0.0"

[[projects]]
  digest = "1:1ed7a19588d3b74fc6a45fe89f95aa980a34870342fb9c3183b19cad08b18a1e"
  name = "github.com/spf13/viper"
  packages = ["."]
  pruneopts = ""
  revision = "2c12c60302a5a0e62ee102ca9bc996277c2f64f5"
  version = "v1.2.1"

[[projects]]
  digest = "1:46e3c5947bb2bf1347533c7027d6f7ff9a00c88c4940fe7564b2223dad766562"
  name = "golang.org/x/sys"
  packages = ["unix"]
  pruneopts = ""
  revision = "fb4cac33e3196ff7f507ab9b2d2a44b0142f5b5a"

[[projects]]
  digest = "1:dfd2447bd99073b395ba8e528e59b1f926ca0a9f4c845047e8870e6053ef2944"
  name = "golang.org/x/text"
  packages = [
    "internal/gen",
    "internal/triegen",
    "internal/ucd",
    "transform",
    "unicode/cldr",
    "unicode/norm",
  ]
  pruneopts = ""
  revision = "9e2f80a6ba7ed4ba13e0cd4b1f094bf916875735"

[[projects]]
  digest = "1:a3a9e86d4cd7b56a405875f475a6bb29f4614692fddf33e10eca5c839250b49e"
  name = "gopkg.in/yaml.v2"
  packages = ["."]
  pruneopts = ""
  revision = "cd8b52f8269e0feb286dfeef29f8fe4d5b397e0b"

[solve-meta]
  analyzer-name = "dep"
  analyzer-version = 1
  input-imports = [
    "github.com/gorilla/mux",
    "github.com/markbates/refresh/refresh/web",
    "github.com/rakyll/statik/fs",
    "github.com/spf13/viper",
  ]
  solver-name = "gps-cdcl"
  solver-version = 1
